
Microsoft Visual Studio Solution File, Format Version 12.00
# Visual Studio Version 17
VisualStudioVersion = 17.4.33213.308
MinimumVisualStudioVersion = 10.0.40219.1
Project("{FAE04EC0-301F-11D3-BF4B-00C04F79EFBC}") = "BikeShop", "BikeShop\BikeShop.csproj", "{EF8787E6-F598-4FDF-9BA6-5983D45B8CEA}"
EndProject
Global
	GlobalSection(SolutionConfigurationPlatforms) = preSolution
		Debug|Any CPU = Debug|Any CPU
		Release|Any CPU = Release|Any CPU
	EndGlobalSection
	GlobalSection(ProjectConfigurationPlatforms) = postSolution
		{EF8787E6-F598-4FDF-9BA6-5983D45B8CEA}.Debug|Any CPU.ActiveCfg = Debug|Any CPU
		{EF8787E6-F598-4FDF-9BA6-5983D45B8CEA}.Debug|Any CPU.Build.0 = Debug|Any CPU
		{EF8787E6-F598-4FDF-9BA6-5983D45B8CEA}.Release|Any CPU.ActiveCfg = Release|Any CPU
		{EF8787E6-F598-4FDF-9BA6-5983D45B8CEA}.Release|Any CPU.Build.0 = Release|Any CPU
	EndGlobalSection
	GlobalSection(SolutionProperties) = preSolution
		HideSolutionNode = FALSE
	EndGlobalSection
	GlobalSection(ExtensibilityGlobals) = postSolution
		SolutionGuid = {D4897960-BEDA-470A-AF0D-81449153BC0C}
	EndGlobalSection
EndGlobal
